
Microsoft Visual Studio Solution File, Format Version 12.00
# Visual Studio Version 16
VisualStudioVersion = 16.0.30114.105
MinimumVisualStudioVersion = 10.0.40219.1
Project("{9A19103F-16F7-4668-BE54-9A1E7A4F7556}") = "Talismancy", "Talismancy.csproj", "{02A3A4D3-DC31-47D6-921C-21ADD43AB72C}"
EndProject
Global
	GlobalSection(SolutionConfigurationPlatforms) = preSolution
		Debug|Any CPU = Debug|Any CPU
		Release|Any CPU = Release|Any CPU
	EndGlobalSection
	GlobalSection(ProjectConfigurationPlatforms) = postSolution
		{02A3A4D3-DC31-47D6-921C-21ADD43AB72C}.Debug|Any CPU.ActiveCfg = Debug|Any CPU
		{02A3A4D3-DC31-47D6-921C-21ADD43AB72C}.Debug|Any CPU.Build.0 = Debug|Any CPU
		{02A3A4D3-DC31-47D6-921C-21ADD43AB72C}.Release|Any CPU.ActiveCfg = Release|Any CPU
		{02A3A4D3-DC31-47D6-921C-21ADD43AB72C}.Release|Any CPU.Build.0 = Release|Any CPU
	EndGlobalSection
	GlobalSection(SolutionProperties) = preSolution
		HideSolutionNode = FALSE
	EndGlobalSection
	GlobalSection(ExtensibilityGlobals) = postSolution
		SolutionGuid = {ABC83DDB-DD1A-4EE7-A0A9-4E72E2C08CE0}
	EndGlobalSection
EndGlobal
